// !$*UTF8*$!
{
	archiveVersion = 1;
	classes = {
	};
	objectVersion = 50;
	objects = {

/* Begin PBXBuildFile section */
		001E37532DBE859800CFB28E /* Assets.xcassets in Resources */ = {isa = PBXBuildFile; fileRef = 001E37512DBE859800CFB28E /* Assets.xcassets */; };
		00337AA32DC0615900855C12 /* ActivityViewController.swift in Sources */ = {isa = PBXBuildFile; fileRef = 00337AA12DC0615900855C12 /* ActivityViewController.swift */; };
		00337AA42DC0615900855C12 /* ShareSheet.swift in Sources */ = {isa = PBXBuildFile; fileRef = 00337AA22DC0615900855C12 /* ShareSheet.swift */; };
		00337AA62DC0798D00855C12 /* DocumentPicker.swift in Sources */ = {isa = PBXBuildFile; fileRef = 00337AA52DC0798D00855C12 /* DocumentPicker.swift */; };
		00337AA82DC07AA000855C12 /* ImportView.swift in Sources */ = {isa = PBXBuildFile; fileRef = 00337AA72DC07AA000855C12 /* ImportView.swift */; };
		00337AAA2DC07F1C00855C12 /* floormula.storyboard in Resources */ = {isa = PBXBuildFile; fileRef = 00337AA92DC07F1C00855C12 /* floormula.storyboard */; };
		005BD4F42DC01C17002A1029 /* LocationView.swift in Sources */ = {isa = PBXBuildFile; fileRef = 005BD4F22DC01C17002A1029 /* LocationView.swift */; };
		005BD4F52DC01C17002A1029 /* SensorView.swift in Sources */ = {isa = PBXBuildFile; fileRef = 005BD4F32DC01C17002A1029 /* SensorView.swift */; };
		005BD4F62DC01C17002A1029 /* ARManager.swift in Sources */ = {isa = PBXBuildFile; fileRef = 005BD4EF2DC01C17002A1029 /* ARManager.swift */; };
		005BD4F72DC01C17002A1029 /* ARView.swift in Sources */ = {isa = PBXBuildFile; fileRef = 005BD4F02DC01C17002A1029 /* ARView.swift */; };
		005BD4F82DC01C17002A1029 /* LocationManager.swift in Sources */ = {isa = PBXBuildFile; fileRef = 005BD4F12DC01C17002A1029 /* LocationManager.swift */; };
		005BD4FC2DC01DA9002A1029 /* RoomModel.swift in Sources */ = {isa = PBXBuildFile; fileRef = 005BD4F92DC01DA9002A1029 /* RoomModel.swift */; };
		005BD4FD2DC01DA9002A1029 /* RoomScanManager.swift in Sources */ = {isa = PBXBuildFile; fileRef = 005BD4FA2DC01DA9002A1029 /* RoomScanManager.swift */; };
		005BD4FE2DC01DA9002A1029 /* RoomScanView.swift in Sources */ = {isa = PBXBuildFile; fileRef = 005BD4FB2DC01DA9002A1029 /* RoomScanView.swift */; };
		005BD5012DC03A56002A1029 /* Room.swift in Sources */ = {isa = PBXBuildFile; fileRef = 005BD4FF2DC03A56002A1029 /* Room.swift */; };
		005BD5022DC03A56002A1029 /* RoomListView.swift in Sources */ = {isa = PBXBuildFile; fileRef = 005BD5002DC03A56002A1029 /* RoomListView.swift */; };
		005BD5042DC03C64002A1029 /* FloorplanView.swift in Sources */ = {isa = PBXBuildFile; fileRef = 005BD5032DC03C64002A1029 /* FloorplanView.swift */; };
		AA0000000000000000000001 /* floormula.swift in Sources */ = {isa = PBXBuildFile; fileRef = AA0000000000000000000011 /* floormula.swift */; };
		AA0000000000000000000002 /* ContentView.swift in Sources */ = {isa = PBXBuildFile; fileRef = AA0000000000000000000012 /* ContentView.swift */; };
/* End PBXBuildFile section */

/* Begin PBXFileReference section */
		001E37512DBE859800CFB28E /* Assets.xcassets */ = {isa = PBXFileReference; lastKnownFileType = folder.assetcatalog; path = Assets.xcassets; sourceTree = "<group>"; };
		00337AA12DC0615900855C12 /* ActivityViewController.swift */ = {isa = PBXFileReference; lastKnownFileType = sourcecode.swift; path = ActivityViewController.swift; sourceTree = "<group>"; };
		00337AA22DC0615900855C12 /* ShareSheet.swift */ = {isa = PBXFileReference; lastKnownFileType = sourcecode.swift; path = ShareSheet.swift; sourceTree = "<group>"; };
		00337AA52DC0798D00855C12 /* DocumentPicker.swift */ = {isa = PBXFileReference; lastKnownFileType = sourcecode.swift; path = DocumentPicker.swift; sourceTree = "<group>"; };
		00337AA72DC07AA000855C12 /* ImportView.swift */ = {isa = PBXFileReference; lastKnownFileType = sourcecode.swift; path = ImportView.swift; sourceTree = "<group>"; };
		00337AA92DC07F1C00855C12 /* floormula.storyboard */ = {isa = PBXFileReference; lastKnownFileType = file.storyboard; path = floormula.storyboard; sourceTree = "<group>"; };
		005BD4EF2DC01C17002A1029 /* ARManager.swift */ = {isa = PBXFileReference; lastKnownFileType = sourcecode.swift; path = ARManager.swift; sourceTree = "<group>"; };
		005BD4F02DC01C17002A1029 /* ARView.swift */ = {isa = PBXFileReference; lastKnownFileType = sourcecode.swift; path = ARView.swift; sourceTree = "<group>"; };
		005BD4F12DC01C17002A1029 /* LocationManager.swift */ = {isa = PBXFileReference; lastKnownFileType = sourcecode.swift; path = LocationManager.swift; sourceTree = "<group>"; };
		005BD4F22DC01C17002A1029 /* LocationView.swift */ = {isa = PBXFileReference; lastKnownFileType = sourcecode.swift; path = LocationView.swift; sourceTree = "<group>"; };
		005BD4F32DC01C17002A1029 /* SensorView.swift */ = {isa = PBXFileReference; lastKnownFileType = sourcecode.swift; path = SensorView.swift; sourceTree = "<group>"; };
		005BD4F92DC01DA9002A1029 /* RoomModel.swift */ = {isa = PBXFileReference; lastKnownFileType = sourcecode.swift; path = RoomModel.swift; sourceTree = "<group>"; };
		005BD4FA2DC01DA9002A1029 /* RoomScanManager.swift */ = {isa = PBXFileReference; lastKnownFileType = sourcecode.swift; path = RoomScanManager.swift; sourceTree = "<group>"; };
		005BD4FB2DC01DA9002A1029 /* RoomScanView.swift */ = {isa = PBXFileReference; lastKnownFileType = sourcecode.swift; path = RoomScanView.swift; sourceTree = "<group>"; };
		005BD4FF2DC03A56002A1029 /* Room.swift */ = {isa = PBXFileReference; lastKnownFileType = sourcecode.swift; path = Room.swift; sourceTree = "<group>"; };
		005BD5002DC03A56002A1029 /* RoomListView.swift */ = {isa = PBXFileReference; lastKnownFileType = sourcecode.swift; path = RoomListView.swift; sourceTree = "<group>"; };
		005BD5032DC03C64002A1029 /* FloorplanView.swift */ = {isa = PBXFileReference; lastKnownFileType = sourcecode.swift; path = FloorplanView.swift; sourceTree = "<group>"; };
		AA0000000000000000000010 /* floormula.app */ = {isa = PBXFileReference; explicitFileType = wrapper.application; includeInIndex = 0; path = floormula.app; sourceTree = BUILT_PRODUCTS_DIR; };
		AA0000000000000000000011 /* floormula.swift */ = {isa = PBXFileReference; lastKnownFileType = sourcecode.swift; path = floormula.swift; sourceTree = "<group>"; };
		AA0000000000000000000012 /* ContentView.swift */ = {isa = PBXFileReference; lastKnownFileType = sourcecode.swift; path = ContentView.swift; sourceTree = "<group>"; };
		AA0000000000000000000013 /* Info.plist */ = {isa = PBXFileReference; lastKnownFileType = text.plist.xml; path = Info.plist; sourceTree = "<group>"; };
/* End PBXFileReference section */

/* Begin PBXFrameworksBuildPhase section */
		AA0000000000000000000020 /* Frameworks */ = {
			isa = PBXFrameworksBuildPhase;
			buildActionMask = 2147483647;
			files = (
			);
			runOnlyForDeploymentPostprocessing = 0;
		};
/* End PBXFrameworksBuildPhase section */

/* Begin PBXGroup section */
		AA0000000000000000000030 = {
			isa = PBXGroup;
			children = (
				AA0000000000000000000031 /* Products */,
				AA0000000000000000000032 /* floormula */,
			);
			sourceTree = "<group>";
		};
		AA0000000000000000000031 /* Products */ = {
			isa = PBXGroup;
			children = (
				AA0000000000000000000010 /* floormula.app */,
			);
			name = Products;
			sourceTree = "<group>";
		};
		AA0000000000000000000032 /* floormula */ = {
			isa = PBXGroup;
			children = (
				00337AA72DC07AA000855C12 /* ImportView.swift */,
				00337AA52DC0798D00855C12 /* DocumentPicker.swift */,
				00337AA12DC0615900855C12 /* ActivityViewController.swift */,
				00337AA22DC0615900855C12 /* ShareSheet.swift */,
				005BD5032DC03C64002A1029 /* FloorplanView.swift */,
				005BD4FF2DC03A56002A1029 /* Room.swift */,
				005BD5002DC03A56002A1029 /* RoomListView.swift */,
				005BD4F92DC01DA9002A1029 /* RoomModel.swift */,
				005BD4FA2DC01DA9002A1029 /* RoomScanManager.swift */,
				005BD4FB2DC01DA9002A1029 /* RoomScanView.swift */,
				005BD4EF2DC01C17002A1029 /* ARManager.swift */,
				005BD4F02DC01C17002A1029 /* ARView.swift */,
				005BD4F12DC01C17002A1029 /* LocationManager.swift */,
				005BD4F22DC01C17002A1029 /* LocationView.swift */,
				005BD4F32DC01C17002A1029 /* SensorView.swift */,
				001E37512DBE859800CFB28E /* Assets.xcassets */,
				AA0000000000000000000011 /* floormula.swift */,
				AA0000000000000000000012 /* ContentView.swift */,
				AA0000000000000000000013 /* Info.plist */,
				00337AA92DC07F1C00855C12 /* floormula.storyboard */,
			);
			name = floormula;
			sourceTree = "<group>";
		};
/* End PBXGroup section */

/* Begin PBXNativeTarget section */
		AA0000000000000000000040 /* floormula */ = {
			isa = PBXNativeTarget;
			buildConfigurationList = AA0000000000000000000041 /* Build configuration list for PBXNativeTarget "floormula" */;
			buildPhases = (
				AA0000000000000000000020 /* Frameworks */,
				AA0000000000000000000042 /* Resources */,
				AA0000000000000000000043 /* Sources */,
			);
			buildRules = (
			);
			dependencies = (
			);
			name = floormula;
			productName = floormula;
			productReference = AA0000000000000000000010 /* floormula.app */;
			productType = "com.apple.product-type.application";
		};
/* End PBXNativeTarget section */

/* Begin PBXProject section */
		AA0000000000000000000050 /* Project object */ = {
			isa = PBXProject;
			attributes = {
				LastUpgradeCheck = 1200;
				ORGANIZATIONNAME = "";
				TargetAttributes = {
					AA0000000000000000000040 = {
						CreatedOnToolsVersion = 12.0;
					};
				};
			};
			buildConfigurationList = AA0000000000000000000051 /* Build configuration list for PBXProject "floormula" */;
			compatibilityVersion = "Xcode 9.3";
			developmentRegion = en;
			hasScannedForEncodings = 0;
			knownRegions = (
				en,
				Base,
			);
			mainGroup = AA0000000000000000000030;
			productRefGroup = AA0000000000000000000031 /* Products */;
			projectDirPath = "";
			projectRoot = "";
			targets = (
				AA0000000000000000000040 /* floormula */,
			);
		};
/* End PBXProject section */

/* Begin PBXResourcesBuildPhase section */
		AA0000000000000000000042 /* Resources */ = {
			isa = PBXResourcesBuildPhase;
			buildActionMask = 2147483647;
			files = (
				001E37532DBE859800CFB28E /* Assets.xcassets in Resources */,
				00337AAA2DC07F1C00855C12 /* floormula.storyboard in Resources */,
			);
			runOnlyForDeploymentPostprocessing = 0;
		};
/* End PBXResourcesBuildPhase section */

/* Begin PBXSourcesBuildPhase section */
		AA0000000000000000000043 /* Sources */ = {
			isa = PBXSourcesBuildPhase;
			buildActionMask = 2147483647;
			files = (
				005BD4F42DC01C17002A1029 /* LocationView.swift in Sources */,
				005BD4F52DC01C17002A1029 /* SensorView.swift in Sources */,
				00337AA32DC0615900855C12 /* ActivityViewController.swift in Sources */,
				00337AA42DC0615900855C12 /* ShareSheet.swift in Sources */,
				005BD4F62DC01C17002A1029 /* ARManager.swift in Sources */,
				005BD4F72DC01C17002A1029 /* ARView.swift in Sources */,
				005BD4F82DC01C17002A1029 /* LocationManager.swift in Sources */,
				AA0000000000000000000002 /* ContentView.swift in Sources */,
				AA0000000000000000000001 /* floormula.swift in Sources */,
				005BD5012DC03A56002A1029 /* Room.swift in Sources */,
				005BD5022DC03A56002A1029 /* RoomListView.swift in Sources */,
				005BD4FC2DC01DA9002A1029 /* RoomModel.swift in Sources */,
				00337AA62DC0798D00855C12 /* DocumentPicker.swift in Sources */,
				00337AA82DC07AA000855C12 /* ImportView.swift in Sources */,
				005BD4FD2DC01DA9002A1029 /* RoomScanManager.swift in Sources */,
				005BD5042DC03C64002A1029 /* FloorplanView.swift in Sources */,
				005BD4FE2DC01DA9002A1029 /* RoomScanView.swift in Sources */,
			);
			runOnlyForDeploymentPostprocessing = 0;
		};
/* End PBXSourcesBuildPhase section */

/* Begin XCBuildConfiguration section */
		AA0000000000000000000060 /* Debug */ = {
			isa = XCBuildConfiguration;
			buildSettings = {
				ALWAYS_SEARCH_USER_PATHS = NO;
				CLANG_ANALYZER_NONNULL = YES;
				CLANG_ANALYZER_NUMBER_OBJECT_CONVERSION = YES_AGGRESSIVE;
				CLANG_CXX_LANGUAGE_STANDARD = "gnu++14";
				CLANG_CXX_LIBRARY = "libc++";
				CLANG_ENABLE_MODULES = YES;
				CLANG_ENABLE_OBJC_ARC = YES;
				CLANG_ENABLE_OBJC_WEAK = YES;
				CLANG_WARN_BLOCK_CAPTURE_AUTORELEASING = YES;
				CLANG_WARN_BOOL_CONVERSION = YES;
				CLANG_WARN_COMMA = YES;
				CLANG_WARN_CONSTANT_CONVERSION = YES;
				CLANG_WARN_DEPRECATED_OBJC_IMPLEMENTATIONS = YES;
				CLANG_WARN_DIRECT_OBJC_ISA_USAGE = YES_ERROR;
				CLANG_WARN_DOCUMENTATION_COMMENTS = YES;
				CLANG_WARN_EMPTY_BODY = YES;
				CLANG_WARN_ENUM_CONVERSION = YES;
				CLANG_WARN_INFINITE_RECURSION = YES;
				CLANG_WARN_INT_CONVERSION = YES;
				CLANG_WARN_NON_LITERAL_NULL_CONVERSION = YES;
				CLANG_WARN_OBJC_IMPLICIT_RETAIN_SELF = YES;
				CLANG_WARN_OBJC_LITERAL_CONVERSION = YES;
				CLANG_WARN_OBJC_ROOT_CLASS = YES_ERROR;
				CLANG_WARN_QUOTED_INCLUDE_IN_FRAMEWORK_HEADER = YES;
				CLANG_WARN_RANGE_LOOP_ANALYSIS = YES;
				CLANG_WARN_STRICT_PROTOTYPES = YES;
				CLANG_WARN_SUSPICIOUS_MOVE = YES;
				CLANG_WARN_UNGUARDED_AVAILABILITY = YES_AGGRESSIVE;
				CLANG_WARN_UNREACHABLE_CODE = YES;
				CLANG_WARN__DUPLICATE_METHOD_MATCH = YES;
				COPY_PHASE_STRIP = NO;
				DEBUG_INFORMATION_FORMAT = dwarf;
				ENABLE_STRICT_OBJC_MSGSEND = YES;
				ENABLE_TESTABILITY = YES;
				GCC_C_LANGUAGE_STANDARD = gnu11;
				GCC_DYNAMIC_NO_PIC = NO;
				GCC_NO_COMMON_BLOCKS = YES;
				GCC_OPTIMIZATION_LEVEL = 0;
				GCC_PREPROCESSOR_DEFINITIONS = (
					"DEBUG=1",
					"$(inherited)",
				);
				GCC_WARN_64_TO_32_BIT_CONVERSION = YES;
				GCC_WARN_ABOUT_RETURN_TYPE = YES_ERROR;
				GCC_WARN_UNDECLARED_SELECTOR = YES;
				GCC_WARN_UNINITIALIZED_AUTOS = YES_AGGRESSIVE;
				GCC_WARN_UNUSED_FUNCTION = YES;
				GCC_WARN_UNUSED_VARIABLE = YES;
				IPHONEOS_DEPLOYMENT_TARGET = 14.0;
				MTL_ENABLE_DEBUG_INFO = INCLUDE_SOURCE;
				MTL_FAST_MATH = YES;
				ONLY_ACTIVE_ARCH = YES;
				SDKROOT = iphoneos;
				SWIFT_ACTIVE_COMPILATION_CONDITIONS = DEBUG;
				SWIFT_OPTIMIZATION_LEVEL = "-Onone";
			};
			name = Debug;
		};
		AA0000000000000000000061 /* Release */ = {
			isa = XCBuildConfiguration;
			buildSettings = {
				ALWAYS_SEARCH_USER_PATHS = NO;
				CLANG_ANALYZER_NONNULL = YES;
				CLANG_ANALYZER_NUMBER_OBJECT_CONVERSION = YES_AGGRESSIVE;
				CLANG_CXX_LANGUAGE_STANDARD = "gnu++14";
				CLANG_CXX_LIBRARY = "libc++";
				CLANG_ENABLE_MODULES = YES;
				CLANG_ENABLE_OBJC_ARC = YES;
				CLANG_ENABLE_OBJC_WEAK = YES;
				CLANG_WARN_BLOCK_CAPTURE_AUTORELEASING = YES;
				CLANG_WARN_BOOL_CONVERSION = YES;
				CLANG_WARN_COMMA = YES;
				CLANG_WARN_CONSTANT_CONVERSION = YES;
				CLANG_WARN_DEPRECATED_OBJC_IMPLEMENTATIONS = YES;
				CLANG_WARN_DIRECT_OBJC_ISA_USAGE = YES_ERROR;
				CLANG_WARN_DOCUMENTATION_COMMENTS = YES;
				CLANG_WARN_EMPTY_BODY = YES;
				CLANG_WARN_ENUM_CONVERSION = YES;
				CLANG_WARN_INFINITE_RECURSION = YES;
				CLANG_WARN_INT_CONVERSION = YES;
				CLANG_WARN_NON_LITERAL_NULL_CONVERSION = YES;
				CLANG_WARN_OBJC_IMPLICIT_RETAIN_SELF = YES;
				CLANG_WARN_OBJC_LITERAL_CONVERSION = YES;
				CLANG_WARN_OBJC_ROOT_CLASS = YES_ERROR;
				CLANG_WARN_QUOTED_INCLUDE_IN_FRAMEWORK_HEADER = YES;
				CLANG_WARN_RANGE_LOOP_ANALYSIS = YES;
				CLANG_WARN_STRICT_PROTOTYPES = YES;
				CLANG_WARN_SUSPICIOUS_MOVE = YES;
				CLANG_WARN_UNGUARDED_AVAILABILITY = YES_AGGRESSIVE;
				CLANG_WARN_UNREACHABLE_CODE = YES;
				CLANG_WARN__DUPLICATE_METHOD_MATCH = YES;
				COPY_PHASE_STRIP = NO;
				DEBUG_INFORMATION_FORMAT = "dwarf-with-dsym";
				ENABLE_NS_ASSERTIONS = NO;
				ENABLE_STRICT_OBJC_MSGSEND = YES;
				GCC_C_LANGUAGE_STANDARD = gnu11;
				GCC_NO_COMMON_BLOCKS = YES;
				GCC_WARN_64_TO_32_BIT_CONVERSION = YES;
				GCC_WARN_ABOUT_RETURN_TYPE = YES_ERROR;
				GCC_WARN_UNDECLARED_SELECTOR = YES;
				GCC_WARN_UNINITIALIZED_AUTOS = YES_AGGRESSIVE;
				GCC_WARN_UNUSED_FUNCTION = YES;
				GCC_WARN_UNUSED_VARIABLE = YES;
				IPHONEOS_DEPLOYMENT_TARGET = 14.0;
				MTL_ENABLE_DEBUG_INFO = NO;
				MTL_FAST_MATH = YES;
				SDKROOT = iphoneos;
				SWIFT_COMPILATION_MODE = wholemodule;
				SWIFT_OPTIMIZATION_LEVEL = "-O";
				VALIDATE_PRODUCT = YES;
			};
			name = Release;
		};
		AA0000000000000000000062 /* Debug */ = {
			isa = XCBuildConfiguration;
			buildSettings = {
				ASSETCATALOG_COMPILER_APPICON_NAME = AppIcon;
				ASSETCATALOG_COMPILER_GLOBAL_ACCENT_COLOR_NAME = AccentColor;
				CODE_SIGN_STYLE = Automatic;
				CURRENT_PROJECT_VERSION = 1;
				DEVELOPMENT_TEAM = 755R3VBZ84;
				INFOPLIST_FILE = "$(SRCROOT)/Info.plist";
				INFOPLIST_KEY_LSApplicationCategoryType = "public.app-category.utilities";
				IPHONEOS_DEPLOYMENT_TARGET = 18.0;
				LD_RUNPATH_SEARCH_PATHS = (
					"$(inherited)",
					"@executable_path/Frameworks",
				);
				MARKETING_VERSION = 1.0.3;
				PRODUCT_BUNDLE_IDENTIFIER = dev.andrewarrow.floormula;
				PRODUCT_NAME = "$(TARGET_NAME)";
				SUPPORTED_PLATFORMS = "iphoneos iphonesimulator";
				SUPPORTS_MACCATALYST = NO;
				SUPPORTS_MAC_DESIGNED_FOR_IPHONE_IPAD = NO;
				SUPPORTS_XR_DESIGNED_FOR_IPHONE_IPAD = NO;
				SWIFT_VERSION = 5.0;
				TARGETED_DEVICE_FAMILY = 1;
			};
			name = Debug;
		};
		AA0000000000000000000063 /* Release */ = {
			isa = XCBuildConfiguration;
			buildSettings = {
				ASSETCATALOG_COMPILER_APPICON_NAME = AppIcon;
				ASSETCATALOG_COMPILER_GLOBAL_ACCENT_COLOR_NAME = AccentColor;
				CODE_SIGN_STYLE = Automatic;
				CURRENT_PROJECT_VERSION = 1;
				DEVELOPMENT_TEAM = 755R3VBZ84;
				INFOPLIST_FILE = "$(SRCROOT)/Info.plist";
				INFOPLIST_KEY_LSApplicationCategoryType = "public.app-category.utilities";
				IPHONEOS_DEPLOYMENT_TARGET = 18.0;
				LD_RUNPATH_SEARCH_PATHS = (
					"$(inherited)",
					"@executable_path/Frameworks",
				);
				MARKETING_VERSION = 1.0.3;
				PRODUCT_BUNDLE_IDENTIFIER = dev.andrewarrow.floormula;
				PRODUCT_NAME = "$(TARGET_NAME)";
				SUPPORTED_PLATFORMS = "iphoneos iphonesimulator";
				SUPPORTS_MACCATALYST = NO;
				SUPPORTS_MAC_DESIGNED_FOR_IPHONE_IPAD = NO;
				SUPPORTS_XR_DESIGNED_FOR_IPHONE_IPAD = NO;
				SWIFT_VERSION = 5.0;
				TARGETED_DEVICE_FAMILY = 1;
			};
			name = Release;
		};
/* End XCBuildConfiguration section */

/* Begin XCConfigurationList section */
		AA0000000000000000000041 /* Build configuration list for PBXNativeTarget "floormula" */ = {
			isa = XCConfigurationList;
			buildConfigurations = (
				AA0000000000000000000062 /* Debug */,
				AA0000000000000000000063 /* Release */,
			);
			defaultConfigurationIsVisible = 0;
			defaultConfigurationName = Release;
		};
		AA0000000000000000000051 /* Build configuration list for PBXProject "floormula" */ = {
			isa = XCConfigurationList;
			buildConfigurations = (
				AA0000000000000000000060 /* Debug */,
				AA0000000000000000000061 /* Release */,
			);
			defaultConfigurationIsVisible = 0;
			defaultConfigurationName = Release;
		};
/* End XCConfigurationList section */
	};
	rootObject = AA0000000000000000000050 /* Project object */;
}
